
Microsoft Visual Studio Solution File, Format Version 12.00
# Visual Studio Version 16
VisualStudioVersion = 16.0.31321.278
MinimumVisualStudioVersion = 10.0.40219.1
Project("{FAE04EC0-301F-11D3-BF4B-00C04F79EFBC}") = "DictionaryAppProject", "DictionaryAppProject\DictionaryAppProject.csproj", "{7E84A5FC-E9F7-40A8-BD2F-C4A4A49F6539}"
EndProject
Global
	GlobalSection(SolutionConfigurationPlatforms) = preSolution
		Debug|Any CPU = Debug|Any CPU
		Release|Any CPU = Release|Any CPU
	EndGlobalSection
	GlobalSection(ProjectConfigurationPlatforms) = postSolution
		{7E84A5FC-E9F7-40A8-BD2F-C4A4A49F6539}.Debug|Any CPU.ActiveCfg = Debug|Any CPU
		{7E84A5FC-E9F7-40A8-BD2F-C4A4A49F6539}.Debug|Any CPU.Build.0 = Debug|Any CPU
		{7E84A5FC-E9F7-40A8-BD2F-C4A4A49F6539}.Release|Any CPU.ActiveCfg = Release|Any CPU
		{7E84A5FC-E9F7-40A8-BD2F-C4A4A49F6539}.Release|Any CPU.Build.0 = Release|Any CPU
	EndGlobalSection
	GlobalSection(SolutionProperties) = preSolution
		HideSolutionNode = FALSE
	EndGlobalSection
	GlobalSection(ExtensibilityGlobals) = postSolution
		SolutionGuid = {34FAD870-C3B5-4CEF-B7AC-B7F094ADD5B1}
	EndGlobalSection
EndGlobal
